
Microsoft Visual Studio Solution File, Format Version 12.00
# Visual Studio 15
VisualStudioVersion = 15.0.26124.0
MinimumVisualStudioVersion = 15.0.26124.0
Project("{FAE04EC0-301F-11D3-BF4B-00C04F79EFBC}") = "TallerMecanica.App.Dominio", "TallerMecanica.App.Dominio\TallerMecanica.App.Dominio.csproj", "{1B78055D-EC52-4AA6-B82D-80DD8D9111C2}"
EndProject
Project("{FAE04EC0-301F-11D3-BF4B-00C04F79EFBC}") = "TallerMecanica.App.Persistencia", "TallerMecanica.App.Persistencia\TallerMecanica.App.Persistencia.csproj", "{3236DC6D-C089-4EC4-93DC-4DF7AAAC9952}"
EndProject
Project("{FAE04EC0-301F-11D3-BF4B-00C04F79EFBC}") = "TallerMecanica.App.Consola", "TallerMecanica.App.Consola\TallerMecanica.App.Consola.csproj", "{C3EC200D-B6D9-447B-ACF6-7FDB459860AB}"
EndProject
Project("{FAE04EC0-301F-11D3-BF4B-00C04F79EFBC}") = "TallerMecanica.App.Frontend", "TallerMecanica.App.Frontend\TallerMecanica.App.Frontend.csproj", "{5ED20B2D-6D4E-4A55-88E0-A172A8BBC252}"
EndProject
Global
	GlobalSection(SolutionConfigurationPlatforms) = preSolution
		Debug|Any CPU = Debug|Any CPU
		Debug|x64 = Debug|x64
		Debug|x86 = Debug|x86
		Release|Any CPU = Release|Any CPU
		Release|x64 = Release|x64
		Release|x86 = Release|x86
	EndGlobalSection
	GlobalSection(SolutionProperties) = preSolution
		HideSolutionNode = FALSE
	EndGlobalSection
	GlobalSection(ProjectConfigurationPlatforms) = postSolution
		{1B78055D-EC52-4AA6-B82D-80DD8D9111C2}.Debug|Any CPU.ActiveCfg = Debug|Any CPU
		{1B78055D-EC52-4AA6-B82D-80DD8D9111C2}.Debug|Any CPU.Build.0 = Debug|Any CPU
		{1B78055D-EC52-4AA6-B82D-80DD8D9111C2}.Debug|x64.ActiveCfg = Debug|Any CPU
		{1B78055D-EC52-4AA6-B82D-80DD8D9111C2}.Debug|x64.Build.0 = Debug|Any CPU
		{1B78055D-EC52-4AA6-B82D-80DD8D9111C2}.Debug|x86.ActiveCfg = Debug|Any CPU
		{1B78055D-EC52-4AA6-B82D-80DD8D9111C2}.Debug|x86.Build.0 = Debug|Any CPU
		{1B78055D-EC52-4AA6-B82D-80DD8D9111C2}.Release|Any CPU.ActiveCfg = Release|Any CPU
		{1B78055D-EC52-4AA6-B82D-80DD8D9111C2}.Release|Any CPU.Build.0 = Release|Any CPU
		{1B78055D-EC52-4AA6-B82D-80DD8D9111C2}.Release|x64.ActiveCfg = Release|Any CPU
		{1B78055D-EC52-4AA6-B82D-80DD8D9111C2}.Release|x64.Build.0 = Release|Any CPU
		{1B78055D-EC52-4AA6-B82D-80DD8D9111C2}.Release|x86.ActiveCfg = Release|Any CPU
		{1B78055D-EC52-4AA6-B82D-80DD8D9111C2}.Release|x86.Build.0 = Release|Any CPU
		{3236DC6D-C089-4EC4-93DC-4DF7AAAC9952}.Debug|Any CPU.ActiveCfg = Debug|Any CPU
		{3236DC6D-C089-4EC4-93DC-4DF7AAAC9952}.Debug|Any CPU.Build.0 = Debug|Any CPU
		{3236DC6D-C089-4EC4-93DC-4DF7AAAC9952}.Debug|x64.ActiveCfg = Debug|Any CPU
		{3236DC6D-C089-4EC4-93DC-4DF7AAAC9952}.Debug|x64.Build.0 = Debug|Any CPU
		{3236DC6D-C089-4EC4-93DC-4DF7AAAC9952}.Debug|x86.ActiveCfg = Debug|Any CPU
		{3236DC6D-C089-4EC4-93DC-4DF7AAAC9952}.Debug|x86.Build.0 = Debug|Any CPU
		{3236DC6D-C089-4EC4-93DC-4DF7AAAC9952}.Release|Any CPU.ActiveCfg = Release|Any CPU
		{3236DC6D-C089-4EC4-93DC-4DF7AAAC9952}.Release|Any CPU.Build.0 = Release|Any CPU
		{3236DC6D-C089-4EC4-93DC-4DF7AAAC9952}.Release|x64.ActiveCfg = Release|Any CPU
		{3236DC6D-C089-4EC4-93DC-4DF7AAAC9952}.Release|x64.Build.0 = Release|Any CPU
		{3236DC6D-C089-4EC4-93DC-4DF7AAAC9952}.Release|x86.ActiveCfg = Release|Any CPU
		{3236DC6D-C089-4EC4-93DC-4DF7AAAC9952}.Release|x86.Build.0 = Release|Any CPU
		{C3EC200D-B6D9-447B-ACF6-7FDB459860AB}.Debug|Any CPU.ActiveCfg = Debug|Any CPU
		{C3EC200D-B6D9-447B-ACF6-7FDB459860AB}.Debug|Any CPU.Build.0 = Debug|Any CPU
		{C3EC200D-B6D9-447B-ACF6-7FDB459860AB}.Debug|x64.ActiveCfg = Debug|Any CPU
		{C3EC200D-B6D9-447B-ACF6-7FDB459860AB}.Debug|x64.Build.0 = Debug|Any CPU
		{C3EC200D-B6D9-447B-ACF6-7FDB459860AB}.Debug|x86.ActiveCfg = Debug|Any CPU
		{C3EC200D-B6D9-447B-ACF6-7FDB459860AB}.Debug|x86.Build.0 = Debug|Any CPU
		{C3EC200D-B6D9-447B-ACF6-7FDB459860AB}.Release|Any CPU.ActiveCfg = Release|Any CPU
		{C3EC200D-B6D9-447B-ACF6-7FDB459860AB}.Release|Any CPU.Build.0 = Release|Any CPU
		{C3EC200D-B6D9-447B-ACF6-7FDB459860AB}.Release|x64.ActiveCfg = Release|Any CPU
		{C3EC200D-B6D9-447B-ACF6-7FDB459860AB}.Release|x64.Build.0 = Release|Any CPU
		{C3EC200D-B6D9-447B-ACF6-7FDB459860AB}.Release|x86.ActiveCfg = Release|Any CPU
		{C3EC200D-B6D9-447B-ACF6-7FDB459860AB}.Release|x86.Build.0 = Release|Any CPU
		{5ED20B2D-6D4E-4A55-88E0-A172A8BBC252}.Debug|Any CPU.ActiveCfg = Debug|Any CPU
		{5ED20B2D-6D4E-4A55-88E0-A172A8BBC252}.Debug|Any CPU.Build.0 = Debug|Any CPU
		{5ED20B2D-6D4E-4A55-88E0-A172A8BBC252}.Debug|x64.ActiveCfg = Debug|Any CPU
		{5ED20B2D-6D4E-4A55-88E0-A172A8BBC252}.Debug|x64.Build.0 = Debug|Any CPU
		{5ED20B2D-6D4E-4A55-88E0-A172A8BBC252}.Debug|x86.ActiveCfg = Debug|Any CPU
		{5ED20B2D-6D4E-4A55-88E0-A172A8BBC252}.Debug|x86.Build.0 = Debug|Any CPU
		{5ED20B2D-6D4E-4A55-88E0-A172A8BBC252}.Release|Any CPU.ActiveCfg = Release|Any CPU
		{5ED20B2D-6D4E-4A55-88E0-A172A8BBC252}.Release|Any CPU.Build.0 = Release|Any CPU
		{5ED20B2D-6D4E-4A55-88E0-A172A8BBC252}.Release|x64.ActiveCfg = Release|Any CPU
		{5ED20B2D-6D4E-4A55-88E0-A172A8BBC252}.Release|x64.Build.0 = Release|Any CPU
		{5ED20B2D-6D4E-4A55-88E0-A172A8BBC252}.Release|x86.ActiveCfg = Release|Any CPU
		{5ED20B2D-6D4E-4A55-88E0-A172A8BBC252}.Release|x86.Build.0 = Release|Any CPU
	EndGlobalSection
EndGlobal
